
Microsoft Visual Studio Solution File, Format Version 12.00
# Visual Studio Version 17
VisualStudioVersion = 17.12.35527.113
MinimumVisualStudioVersion = 10.0.40219.1
Project("{FAE04EC0-301F-11D3-BF4B-00C04F79EFBC}") = "EFCore.API", "EFCore.API\EFCore.API.csproj", "{DD722D42-D027-4309-A2D1-F261DB1E1CCE}"
EndProject
Global
	GlobalSection(SolutionConfigurationPlatforms) = preSolution
		Debug|Any CPU = Debug|Any CPU
		Release|Any CPU = Release|Any CPU
	EndGlobalSection
	GlobalSection(ProjectConfigurationPlatforms) = postSolution
		{DD722D42-D027-4309-A2D1-F261DB1E1CCE}.Debug|Any CPU.ActiveCfg = Debug|Any CPU
		{DD722D42-D027-4309-A2D1-F261DB1E1CCE}.Debug|Any CPU.Build.0 = Debug|Any CPU
		{DD722D42-D027-4309-A2D1-F261DB1E1CCE}.Release|Any CPU.ActiveCfg = Release|Any CPU
		{DD722D42-D027-4309-A2D1-F261DB1E1CCE}.Release|Any CPU.Build.0 = Release|Any CPU
	EndGlobalSection
	GlobalSection(SolutionProperties) = preSolution
		HideSolutionNode = FALSE
	EndGlobalSection
EndGlobal
